
Microsoft Visual Studio Solution File, Format Version 12.00
# Visual Studio 15
VisualStudioVersion = 15.0.28307.572
MinimumVisualStudioVersion = 10.0.40219.1
Project("{9A19103F-16F7-4668-BE54-9A1E7A4F7556}") = "Tameenk.Identity.API", "Tameenk.Identity.API\Tameenk.Identity.API.csproj", "{727605DD-5BAA-4C0D-AF8C-77860A33DA3F}"
EndProject
Project("{9A19103F-16F7-4668-BE54-9A1E7A4F7556}") = "Tameenk.Identity.Company.Component", "Tameenk.Identity.Company.Component\Tameenk.Identity.Company.Component.csproj", "{2D8C7E12-1122-440C-A23D-5907BA6640C9}"
EndProject
Project("{9A19103F-16F7-4668-BE54-9A1E7A4F7556}") = "Tameenk.Identity.DAL", "Tameenk.Identity.DAL\Tameenk.Identity.DAL.csproj", "{AC544253-5224-4F71-A7F2-6115E377DADD}"
EndProject
Project("{9A19103F-16F7-4668-BE54-9A1E7A4F7556}") = "Tameenk.Identity.Individual.Component", "Tameenk.Identity.Individual.Component\Tameenk.Identity.Individual.Component.csproj", "{D214ECB0-4FF7-42D3-968F-487B3A5CCC91}"
EndProject
Project("{FAE04EC0-301F-11D3-BF4B-00C04F79EFBC}") = "Tameenk.Identity.Log.DAL", "Tameenk.Identity.Log.DAL\Tameenk.Identity.Log.DAL.csproj", "{F8560815-22F7-4A7F-9FA6-6E525315BC9D}"
EndProject
Global
	GlobalSection(SolutionConfigurationPlatforms) = preSolution
		Debug|Any CPU = Debug|Any CPU
		Release|Any CPU = Release|Any CPU
	EndGlobalSection
	GlobalSection(ProjectConfigurationPlatforms) = postSolution
		{727605DD-5BAA-4C0D-AF8C-77860A33DA3F}.Debug|Any CPU.ActiveCfg = Debug|Any CPU
		{727605DD-5BAA-4C0D-AF8C-77860A33DA3F}.Debug|Any CPU.Build.0 = Debug|Any CPU
		{727605DD-5BAA-4C0D-AF8C-77860A33DA3F}.Release|Any CPU.ActiveCfg = Release|Any CPU
		{727605DD-5BAA-4C0D-AF8C-77860A33DA3F}.Release|Any CPU.Build.0 = Release|Any CPU
		{2D8C7E12-1122-440C-A23D-5907BA6640C9}.Debug|Any CPU.ActiveCfg = Debug|Any CPU
		{2D8C7E12-1122-440C-A23D-5907BA6640C9}.Debug|Any CPU.Build.0 = Debug|Any CPU
		{2D8C7E12-1122-440C-A23D-5907BA6640C9}.Release|Any CPU.ActiveCfg = Release|Any CPU
		{2D8C7E12-1122-440C-A23D-5907BA6640C9}.Release|Any CPU.Build.0 = Release|Any CPU
		{AC544253-5224-4F71-A7F2-6115E377DADD}.Debug|Any CPU.ActiveCfg = Debug|Any CPU
		{AC544253-5224-4F71-A7F2-6115E377DADD}.Debug|Any CPU.Build.0 = Debug|Any CPU
		{AC544253-5224-4F71-A7F2-6115E377DADD}.Release|Any CPU.ActiveCfg = Release|Any CPU
		{AC544253-5224-4F71-A7F2-6115E377DADD}.Release|Any CPU.Build.0 = Release|Any CPU
		{D214ECB0-4FF7-42D3-968F-487B3A5CCC91}.Debug|Any CPU.ActiveCfg = Debug|Any CPU
		{D214ECB0-4FF7-42D3-968F-487B3A5CCC91}.Debug|Any CPU.Build.0 = Debug|Any CPU
		{D214ECB0-4FF7-42D3-968F-487B3A5CCC91}.Release|Any CPU.ActiveCfg = Release|Any CPU
		{D214ECB0-4FF7-42D3-968F-487B3A5CCC91}.Release|Any CPU.Build.0 = Release|Any CPU
		{F8560815-22F7-4A7F-9FA6-6E525315BC9D}.Debug|Any CPU.ActiveCfg = Debug|Any CPU
		{F8560815-22F7-4A7F-9FA6-6E525315BC9D}.Debug|Any CPU.Build.0 = Debug|Any CPU
		{F8560815-22F7-4A7F-9FA6-6E525315BC9D}.Release|Any CPU.ActiveCfg = Release|Any CPU
		{F8560815-22F7-4A7F-9FA6-6E525315BC9D}.Release|Any CPU.Build.0 = Release|Any CPU
	EndGlobalSection
	GlobalSection(SolutionProperties) = preSolution
		HideSolutionNode = FALSE
	EndGlobalSection
	GlobalSection(ExtensibilityGlobals) = postSolution
		SolutionGuid = {2E6CA1E9-5DEC-428E-B96F-2AD6BFFE8F95}
	EndGlobalSection
EndGlobal
